
Microsoft Visual Studio Solution File, Format Version 12.00
# Visual Studio Version 17
VisualStudioVersion = 17.11.35303.130
MinimumVisualStudioVersion = 10.0.40219.1
Project("{FAE04EC0-301F-11D3-BF4B-00C04F79EFBC}") = "MemDinamicaSorteedList", "MemDinamicaSorteedList\MemDinamicaSorteedList.csproj", "{D835D151-8967-48EF-96E7-9CDF595FAC7C}"
EndProject
Global
	GlobalSection(SolutionConfigurationPlatforms) = preSolution
		Debug|Any CPU = Debug|Any CPU
		Release|Any CPU = Release|Any CPU
	EndGlobalSection
	GlobalSection(ProjectConfigurationPlatforms) = postSolution
		{D835D151-8967-48EF-96E7-9CDF595FAC7C}.Debug|Any CPU.ActiveCfg = Debug|Any CPU
		{D835D151-8967-48EF-96E7-9CDF595FAC7C}.Debug|Any CPU.Build.0 = Debug|Any CPU
		{D835D151-8967-48EF-96E7-9CDF595FAC7C}.Release|Any CPU.ActiveCfg = Release|Any CPU
		{D835D151-8967-48EF-96E7-9CDF595FAC7C}.Release|Any CPU.Build.0 = Release|Any CPU
	EndGlobalSection
	GlobalSection(SolutionProperties) = preSolution
		HideSolutionNode = FALSE
	EndGlobalSection
	GlobalSection(ExtensibilityGlobals) = postSolution
		SolutionGuid = {955F42D1-8527-4CA6-A9CF-7AF03B79CC1F}
	EndGlobalSection
EndGlobal
